
Microsoft Visual Studio Solution File, Format Version 12.00
# Visual Studio Version 17
VisualStudioVersion = 17.4.33213.308
MinimumVisualStudioVersion = 10.0.40219.1
Project("{FAE04EC0-301F-11D3-BF4B-00C04F79EFBC}") = "PL", "PL\PL.csproj", "{A81D6195-198F-49A6-8D96-6CE34C5117AA}"
EndProject
Project("{FAE04EC0-301F-11D3-BF4B-00C04F79EFBC}") = "DL", "DL\DL.csproj", "{9132C692-A76D-41F6-8E08-03B16CBEB3AA}"
EndProject
Project("{FAE04EC0-301F-11D3-BF4B-00C04F79EFBC}") = "ML", "ML\ML.csproj", "{0283C7BD-5F69-4BAF-976D-F04F0A2EB132}"
EndProject
Project("{FAE04EC0-301F-11D3-BF4B-00C04F79EFBC}") = "BL", "BL\BL.csproj", "{97026B27-71B2-496B-97B4-3BF1088285A7}"
EndProject
Project("{FAE04EC0-301F-11D3-BF4B-00C04F79EFBC}") = "SL", "SL\SL.csproj", "{4FC30A57-8130-472B-A488-E571C8049B97}"
EndProject
Global
	GlobalSection(SolutionConfigurationPlatforms) = preSolution
		Debug|Any CPU = Debug|Any CPU
		Release|Any CPU = Release|Any CPU
	EndGlobalSection
	GlobalSection(ProjectConfigurationPlatforms) = postSolution
		{A81D6195-198F-49A6-8D96-6CE34C5117AA}.Debug|Any CPU.ActiveCfg = Debug|Any CPU
		{A81D6195-198F-49A6-8D96-6CE34C5117AA}.Debug|Any CPU.Build.0 = Debug|Any CPU
		{A81D6195-198F-49A6-8D96-6CE34C5117AA}.Release|Any CPU.ActiveCfg = Release|Any CPU
		{A81D6195-198F-49A6-8D96-6CE34C5117AA}.Release|Any CPU.Build.0 = Release|Any CPU
		{9132C692-A76D-41F6-8E08-03B16CBEB3AA}.Debug|Any CPU.ActiveCfg = Debug|Any CPU
		{9132C692-A76D-41F6-8E08-03B16CBEB3AA}.Debug|Any CPU.Build.0 = Debug|Any CPU
		{9132C692-A76D-41F6-8E08-03B16CBEB3AA}.Release|Any CPU.ActiveCfg = Release|Any CPU
		{9132C692-A76D-41F6-8E08-03B16CBEB3AA}.Release|Any CPU.Build.0 = Release|Any CPU
		{0283C7BD-5F69-4BAF-976D-F04F0A2EB132}.Debug|Any CPU.ActiveCfg = Debug|Any CPU
		{0283C7BD-5F69-4BAF-976D-F04F0A2EB132}.Debug|Any CPU.Build.0 = Debug|Any CPU
		{0283C7BD-5F69-4BAF-976D-F04F0A2EB132}.Release|Any CPU.ActiveCfg = Release|Any CPU
		{0283C7BD-5F69-4BAF-976D-F04F0A2EB132}.Release|Any CPU.Build.0 = Release|Any CPU
		{97026B27-71B2-496B-97B4-3BF1088285A7}.Debug|Any CPU.ActiveCfg = Debug|Any CPU
		{97026B27-71B2-496B-97B4-3BF1088285A7}.Debug|Any CPU.Build.0 = Debug|Any CPU
		{97026B27-71B2-496B-97B4-3BF1088285A7}.Release|Any CPU.ActiveCfg = Release|Any CPU
		{97026B27-71B2-496B-97B4-3BF1088285A7}.Release|Any CPU.Build.0 = Release|Any CPU
		{4FC30A57-8130-472B-A488-E571C8049B97}.Debug|Any CPU.ActiveCfg = Debug|Any CPU
		{4FC30A57-8130-472B-A488-E571C8049B97}.Debug|Any CPU.Build.0 = Debug|Any CPU
		{4FC30A57-8130-472B-A488-E571C8049B97}.Release|Any CPU.ActiveCfg = Release|Any CPU
		{4FC30A57-8130-472B-A488-E571C8049B97}.Release|Any CPU.Build.0 = Release|Any CPU
	EndGlobalSection
	GlobalSection(SolutionProperties) = preSolution
		HideSolutionNode = FALSE
	EndGlobalSection
	GlobalSection(ExtensibilityGlobals) = postSolution
		SolutionGuid = {EFD3A5A2-AE59-4363-8575-1839587779DD}
	EndGlobalSection
EndGlobal
